
Microsoft Visual Studio Solution File, Format Version 12.00
# Visual Studio Version 17
VisualStudioVersion = 17.13.35931.197 d17.13
MinimumVisualStudioVersion = 10.0.40219.1
Project("{FAE04EC0-301F-11D3-BF4B-00C04F79EFBC}") = "bifrost-cFS-GroundSystem", "bifrost-cFS-GroundSystem\bifrost-cFS-GroundSystem.csproj", "{3217B09A-8BAD-4FBF-B1F6-EEF81D800F48}"
EndProject
Global
	GlobalSection(SolutionConfigurationPlatforms) = preSolution
		Debug|Any CPU = Debug|Any CPU
		Release|Any CPU = Release|Any CPU
	EndGlobalSection
	GlobalSection(ProjectConfigurationPlatforms) = postSolution
		{3217B09A-8BAD-4FBF-B1F6-EEF81D800F48}.Debug|Any CPU.ActiveCfg = Debug|Any CPU
		{3217B09A-8BAD-4FBF-B1F6-EEF81D800F48}.Debug|Any CPU.Build.0 = Debug|Any CPU
		{3217B09A-8BAD-4FBF-B1F6-EEF81D800F48}.Debug|Any CPU.Deploy.0 = Debug|Any CPU
		{3217B09A-8BAD-4FBF-B1F6-EEF81D800F48}.Release|Any CPU.ActiveCfg = Release|Any CPU
		{3217B09A-8BAD-4FBF-B1F6-EEF81D800F48}.Release|Any CPU.Build.0 = Release|Any CPU
		{3217B09A-8BAD-4FBF-B1F6-EEF81D800F48}.Release|Any CPU.Deploy.0 = Release|Any CPU
	EndGlobalSection
	GlobalSection(SolutionProperties) = preSolution
		HideSolutionNode = FALSE
	EndGlobalSection
	GlobalSection(ExtensibilityGlobals) = postSolution
		SolutionGuid = {CBE12809-DFF5-4C17-AFFC-93A00E53B88F}
	EndGlobalSection
EndGlobal
